
Microsoft Visual Studio Solution File, Format Version 12.00
# Visual Studio Version 17
VisualStudioVersion = 17.11.35327.3
MinimumVisualStudioVersion = 10.0.40219.1
Project("{9A19103F-16F7-4668-BE54-9A1E7A4F7556}") = "MyFirstProgram", "MyFirstProgram\MyFirstProgram.csproj", "{81F202CF-1B77-406C-9775-EBDF79D3C258}"
EndProject
Project("{9A19103F-16F7-4668-BE54-9A1E7A4F7556}") = "11-StringMethods", "11-StringMethods\11-StringMethods.csproj", "{746F3BB2-0F26-42E7-88C2-3BB54EF8B706}"
EndProject
Project("{9A19103F-16F7-4668-BE54-9A1E7A4F7556}") = "12-IfStatements", "12-IfStatements\12-IfStatements.csproj", "{9186E4E3-86C2-43A1-910A-E06568A219AE}"
EndProject
Project("{9A19103F-16F7-4668-BE54-9A1E7A4F7556}") = "10-FindHypotenuse", "10-FindHypotenuse\10-FindHypotenuse.csproj", "{F1BC1047-4257-48E9-8E61-836802FA26F5}"
EndProject
Project("{9A19103F-16F7-4668-BE54-9A1E7A4F7556}") = "13-Switches", "13-Switches\13-Switches.csproj", "{B57B3B13-1674-41D0-BA90-DD948A7BA5B3}"
EndProject
Project("{9A19103F-16F7-4668-BE54-9A1E7A4F7556}") = "14-LogicalOperators", "14-LogicalOperators\14-LogicalOperators.csproj", "{2FFF46AA-F533-48F9-B02A-EB8980460E19}"
EndProject
Project("{FAE04EC0-301F-11D3-BF4B-00C04F79EFBC}") = "15-WhileLoops", "15-WhileLoops\15-WhileLoops.csproj", "{D5C195EE-8178-4AC5-A7AB-7DBF3E5F70B7}"
EndProject
Project("{FAE04EC0-301F-11D3-BF4B-00C04F79EFBC}") = "16-ForLoops", "16-ForLoops\16-ForLoops.csproj", "{5FD5071E-40B8-45EB-B580-DB54FCEB1F11}"
EndProject
Project("{FAE04EC0-301F-11D3-BF4B-00C04F79EFBC}") = "17-NestedLoops", "17-NestedLoops\17-NestedLoops.csproj", "{75CAB2EE-CBF3-4298-9ED8-65FFAF807EEC}"
EndProject
Project("{FAE04EC0-301F-11D3-BF4B-00C04F79EFBC}") = "18-NumberGuessingGame", "18-NumberGuessingGame\18-NumberGuessingGame.csproj", "{B2F339D6-538B-47B5-A394-F91DB7D337D5}"
EndProject
Project("{FAE04EC0-301F-11D3-BF4B-00C04F79EFBC}") = "19-RockPaperScissorsGame", "19-RockPaperScissorsGame\19-RockPaperScissorsGame.csproj", "{58A21B77-C471-4E05-B804-698742714A59}"
EndProject
Project("{FAE04EC0-301F-11D3-BF4B-00C04F79EFBC}") = "20-Calculator", "20-Calculator\20-Calculator.csproj", "{D147419F-F0EA-4D88-970A-F9754923530F}"
EndProject
Project("{FAE04EC0-301F-11D3-BF4B-00C04F79EFBC}") = "21-Arrays", "21-Arrays\21-Arrays.csproj", "{EF7CC65A-2484-427A-8586-6E79EDA8443C}"
EndProject
Project("{FAE04EC0-301F-11D3-BF4B-00C04F79EFBC}") = "22-ForEachLoops", "22-ForEachLoops\22-ForEachLoops.csproj", "{F1125542-8989-4E29-99B6-263B58CC1C87}"
EndProject
Project("{FAE04EC0-301F-11D3-BF4B-00C04F79EFBC}") = "23-Methods", "23-Methods\23-Methods.csproj", "{F24F7DBA-1023-41CA-9CE8-9BA32C3CA772}"
EndProject
Project("{FAE04EC0-301F-11D3-BF4B-00C04F79EFBC}") = "24-ReturnKeyword", "24-ReturnKeyword\24-ReturnKeyword.csproj", "{1D767866-B046-4271-9457-7A68802F1258}"
EndProject
Project("{FAE04EC0-301F-11D3-BF4B-00C04F79EFBC}") = "25-MethodOverloading", "25-MethodOverloading\25-MethodOverloading.csproj", "{1CEBE1A5-586F-45B2-9CEA-B935B9813BDC}"
EndProject
Project("{FAE04EC0-301F-11D3-BF4B-00C04F79EFBC}") = "26-ParamsKeyword", "26-ParamsKeyword\26-ParamsKeyword.csproj", "{478D8377-6A17-42DA-BD92-1F7E832200A1}"
EndProject
Project("{FAE04EC0-301F-11D3-BF4B-00C04F79EFBC}") = "27-ExceptionHandling", "27-ExceptionHandling\27-ExceptionHandling.csproj", "{0368F00A-CAB2-43E0-BD1A-51197EF4D11D}"
EndProject
Project("{FAE04EC0-301F-11D3-BF4B-00C04F79EFBC}") = "28-ConditionalOperator", "28-ConditionalOperator\28-ConditionalOperator.csproj", "{9C6D3BDE-8D17-4E72-BF92-C7519F39699E}"
EndProject
Global
	GlobalSection(SolutionConfigurationPlatforms) = preSolution
		Debug|Any CPU = Debug|Any CPU
		Release|Any CPU = Release|Any CPU
	EndGlobalSection
	GlobalSection(ProjectConfigurationPlatforms) = postSolution
		{81F202CF-1B77-406C-9775-EBDF79D3C258}.Debug|Any CPU.ActiveCfg = Debug|Any CPU
		{81F202CF-1B77-406C-9775-EBDF79D3C258}.Debug|Any CPU.Build.0 = Debug|Any CPU
		{81F202CF-1B77-406C-9775-EBDF79D3C258}.Release|Any CPU.ActiveCfg = Release|Any CPU
		{81F202CF-1B77-406C-9775-EBDF79D3C258}.Release|Any CPU.Build.0 = Release|Any CPU
		{746F3BB2-0F26-42E7-88C2-3BB54EF8B706}.Debug|Any CPU.ActiveCfg = Debug|Any CPU
		{746F3BB2-0F26-42E7-88C2-3BB54EF8B706}.Debug|Any CPU.Build.0 = Debug|Any CPU
		{746F3BB2-0F26-42E7-88C2-3BB54EF8B706}.Release|Any CPU.ActiveCfg = Release|Any CPU
		{746F3BB2-0F26-42E7-88C2-3BB54EF8B706}.Release|Any CPU.Build.0 = Release|Any CPU
		{9186E4E3-86C2-43A1-910A-E06568A219AE}.Debug|Any CPU.ActiveCfg = Debug|Any CPU
		{9186E4E3-86C2-43A1-910A-E06568A219AE}.Debug|Any CPU.Build.0 = Debug|Any CPU
		{9186E4E3-86C2-43A1-910A-E06568A219AE}.Release|Any CPU.ActiveCfg = Release|Any CPU
		{9186E4E3-86C2-43A1-910A-E06568A219AE}.Release|Any CPU.Build.0 = Release|Any CPU
		{F1BC1047-4257-48E9-8E61-836802FA26F5}.Debug|Any CPU.ActiveCfg = Debug|Any CPU
		{F1BC1047-4257-48E9-8E61-836802FA26F5}.Debug|Any CPU.Build.0 = Debug|Any CPU
		{F1BC1047-4257-48E9-8E61-836802FA26F5}.Release|Any CPU.ActiveCfg = Release|Any CPU
		{F1BC1047-4257-48E9-8E61-836802FA26F5}.Release|Any CPU.Build.0 = Release|Any CPU
		{B57B3B13-1674-41D0-BA90-DD948A7BA5B3}.Debug|Any CPU.ActiveCfg = Debug|Any CPU
		{B57B3B13-1674-41D0-BA90-DD948A7BA5B3}.Debug|Any CPU.Build.0 = Debug|Any CPU
		{B57B3B13-1674-41D0-BA90-DD948A7BA5B3}.Release|Any CPU.ActiveCfg = Release|Any CPU
		{B57B3B13-1674-41D0-BA90-DD948A7BA5B3}.Release|Any CPU.Build.0 = Release|Any CPU
		{2FFF46AA-F533-48F9-B02A-EB8980460E19}.Debug|Any CPU.ActiveCfg = Debug|Any CPU
		{2FFF46AA-F533-48F9-B02A-EB8980460E19}.Debug|Any CPU.Build.0 = Debug|Any CPU
		{2FFF46AA-F533-48F9-B02A-EB8980460E19}.Release|Any CPU.ActiveCfg = Release|Any CPU
		{2FFF46AA-F533-48F9-B02A-EB8980460E19}.Release|Any CPU.Build.0 = Release|Any CPU
		{D5C195EE-8178-4AC5-A7AB-7DBF3E5F70B7}.Debug|Any CPU.ActiveCfg = Debug|Any CPU
		{D5C195EE-8178-4AC5-A7AB-7DBF3E5F70B7}.Debug|Any CPU.Build.0 = Debug|Any CPU
		{D5C195EE-8178-4AC5-A7AB-7DBF3E5F70B7}.Release|Any CPU.ActiveCfg = Release|Any CPU
		{D5C195EE-8178-4AC5-A7AB-7DBF3E5F70B7}.Release|Any CPU.Build.0 = Release|Any CPU
		{5FD5071E-40B8-45EB-B580-DB54FCEB1F11}.Debug|Any CPU.ActiveCfg = Debug|Any CPU
		{5FD5071E-40B8-45EB-B580-DB54FCEB1F11}.Debug|Any CPU.Build.0 = Debug|Any CPU
		{5FD5071E-40B8-45EB-B580-DB54FCEB1F11}.Release|Any CPU.ActiveCfg = Release|Any CPU
		{5FD5071E-40B8-45EB-B580-DB54FCEB1F11}.Release|Any CPU.Build.0 = Release|Any CPU
		{75CAB2EE-CBF3-4298-9ED8-65FFAF807EEC}.Debug|Any CPU.ActiveCfg = Debug|Any CPU
		{75CAB2EE-CBF3-4298-9ED8-65FFAF807EEC}.Debug|Any CPU.Build.0 = Debug|Any CPU
		{75CAB2EE-CBF3-4298-9ED8-65FFAF807EEC}.Release|Any CPU.ActiveCfg = Release|Any CPU
		{75CAB2EE-CBF3-4298-9ED8-65FFAF807EEC}.Release|Any CPU.Build.0 = Release|Any CPU
		{B2F339D6-538B-47B5-A394-F91DB7D337D5}.Debug|Any CPU.ActiveCfg = Debug|Any CPU
		{B2F339D6-538B-47B5-A394-F91DB7D337D5}.Debug|Any CPU.Build.0 = Debug|Any CPU
		{B2F339D6-538B-47B5-A394-F91DB7D337D5}.Release|Any CPU.ActiveCfg = Release|Any CPU
		{B2F339D6-538B-47B5-A394-F91DB7D337D5}.Release|Any CPU.Build.0 = Release|Any CPU
		{58A21B77-C471-4E05-B804-698742714A59}.Debug|Any CPU.ActiveCfg = Debug|Any CPU
		{58A21B77-C471-4E05-B804-698742714A59}.Debug|Any CPU.Build.0 = Debug|Any CPU
		{58A21B77-C471-4E05-B804-698742714A59}.Release|Any CPU.ActiveCfg = Release|Any CPU
		{58A21B77-C471-4E05-B804-698742714A59}.Release|Any CPU.Build.0 = Release|Any CPU
		{D147419F-F0EA-4D88-970A-F9754923530F}.Debug|Any CPU.ActiveCfg = Debug|Any CPU
		{D147419F-F0EA-4D88-970A-F9754923530F}.Debug|Any CPU.Build.0 = Debug|Any CPU
		{D147419F-F0EA-4D88-970A-F9754923530F}.Release|Any CPU.ActiveCfg = Release|Any CPU
		{D147419F-F0EA-4D88-970A-F9754923530F}.Release|Any CPU.Build.0 = Release|Any CPU
		{EF7CC65A-2484-427A-8586-6E79EDA8443C}.Debug|Any CPU.ActiveCfg = Debug|Any CPU
		{EF7CC65A-2484-427A-8586-6E79EDA8443C}.Debug|Any CPU.Build.0 = Debug|Any CPU
		{EF7CC65A-2484-427A-8586-6E79EDA8443C}.Release|Any CPU.ActiveCfg = Release|Any CPU
		{EF7CC65A-2484-427A-8586-6E79EDA8443C}.Release|Any CPU.Build.0 = Release|Any CPU
		{F1125542-8989-4E29-99B6-263B58CC1C87}.Debug|Any CPU.ActiveCfg = Debug|Any CPU
		{F1125542-8989-4E29-99B6-263B58CC1C87}.Debug|Any CPU.Build.0 = Debug|Any CPU
		{F1125542-8989-4E29-99B6-263B58CC1C87}.Release|Any CPU.ActiveCfg = Release|Any CPU
		{F1125542-8989-4E29-99B6-263B58CC1C87}.Release|Any CPU.Build.0 = Release|Any CPU
		{F24F7DBA-1023-41CA-9CE8-9BA32C3CA772}.Debug|Any CPU.ActiveCfg = Debug|Any CPU
		{F24F7DBA-1023-41CA-9CE8-9BA32C3CA772}.Debug|Any CPU.Build.0 = Debug|Any CPU
		{F24F7DBA-1023-41CA-9CE8-9BA32C3CA772}.Release|Any CPU.ActiveCfg = Release|Any CPU
		{F24F7DBA-1023-41CA-9CE8-9BA32C3CA772}.Release|Any CPU.Build.0 = Release|Any CPU
		{1D767866-B046-4271-9457-7A68802F1258}.Debug|Any CPU.ActiveCfg = Debug|Any CPU
		{1D767866-B046-4271-9457-7A68802F1258}.Debug|Any CPU.Build.0 = Debug|Any CPU
		{1D767866-B046-4271-9457-7A68802F1258}.Release|Any CPU.ActiveCfg = Release|Any CPU
		{1D767866-B046-4271-9457-7A68802F1258}.Release|Any CPU.Build.0 = Release|Any CPU
		{1CEBE1A5-586F-45B2-9CEA-B935B9813BDC}.Debug|Any CPU.ActiveCfg = Debug|Any CPU
		{1CEBE1A5-586F-45B2-9CEA-B935B9813BDC}.Debug|Any CPU.Build.0 = Debug|Any CPU
		{1CEBE1A5-586F-45B2-9CEA-B935B9813BDC}.Release|Any CPU.ActiveCfg = Release|Any CPU
		{1CEBE1A5-586F-45B2-9CEA-B935B9813BDC}.Release|Any CPU.Build.0 = Release|Any CPU
		{478D8377-6A17-42DA-BD92-1F7E832200A1}.Debug|Any CPU.ActiveCfg = Debug|Any CPU
		{478D8377-6A17-42DA-BD92-1F7E832200A1}.Debug|Any CPU.Build.0 = Debug|Any CPU
		{478D8377-6A17-42DA-BD92-1F7E832200A1}.Release|Any CPU.ActiveCfg = Release|Any CPU
		{478D8377-6A17-42DA-BD92-1F7E832200A1}.Release|Any CPU.Build.0 = Release|Any CPU
		{0368F00A-CAB2-43E0-BD1A-51197EF4D11D}.Debug|Any CPU.ActiveCfg = Debug|Any CPU
		{0368F00A-CAB2-43E0-BD1A-51197EF4D11D}.Debug|Any CPU.Build.0 = Debug|Any CPU
		{0368F00A-CAB2-43E0-BD1A-51197EF4D11D}.Release|Any CPU.ActiveCfg = Release|Any CPU
		{0368F00A-CAB2-43E0-BD1A-51197EF4D11D}.Release|Any CPU.Build.0 = Release|Any CPU
		{9C6D3BDE-8D17-4E72-BF92-C7519F39699E}.Debug|Any CPU.ActiveCfg = Debug|Any CPU
		{9C6D3BDE-8D17-4E72-BF92-C7519F39699E}.Debug|Any CPU.Build.0 = Debug|Any CPU
		{9C6D3BDE-8D17-4E72-BF92-C7519F39699E}.Release|Any CPU.ActiveCfg = Release|Any CPU
		{9C6D3BDE-8D17-4E72-BF92-C7519F39699E}.Release|Any CPU.Build.0 = Release|Any CPU
	EndGlobalSection
	GlobalSection(SolutionProperties) = preSolution
		HideSolutionNode = FALSE
	EndGlobalSection
	GlobalSection(ExtensibilityGlobals) = postSolution
		SolutionGuid = {35D6CC34-417E-4680-A5C6-35CDC5651793}
	EndGlobalSection
EndGlobal
