
Microsoft Visual Studio Solution File, Format Version 12.00
# Visual Studio Version 17
VisualStudioVersion = 17.11.35327.3
MinimumVisualStudioVersion = 10.0.40219.1
Project("{9A19103F-16F7-4668-BE54-9A1E7A4F7556}") = "MyFirstProgram", "MyFirstProgram\MyFirstProgram.csproj", "{81F202CF-1B77-406C-9775-EBDF79D3C258}"
EndProject
Project("{9A19103F-16F7-4668-BE54-9A1E7A4F7556}") = "11-StringMethods", "11-StringMethods\11-StringMethods.csproj", "{746F3BB2-0F26-42E7-88C2-3BB54EF8B706}"
EndProject
Project("{9A19103F-16F7-4668-BE54-9A1E7A4F7556}") = "12-IfStatements", "12-IfStatements\12-IfStatements.csproj", "{9186E4E3-86C2-43A1-910A-E06568A219AE}"
EndProject
Project("{FAE04EC0-301F-11D3-BF4B-00C04F79EFBC}") = "10-FindHypotenuse", "10-FindHypotenuse\10-FindHypotenuse.csproj", "{F1BC1047-4257-48E9-8E61-836802FA26F5}"
EndProject
Project("{FAE04EC0-301F-11D3-BF4B-00C04F79EFBC}") = "13-Switches", "13-Switches\13-Switches.csproj", "{B57B3B13-1674-41D0-BA90-DD948A7BA5B3}"
EndProject
Global
	GlobalSection(SolutionConfigurationPlatforms) = preSolution
		Debug|Any CPU = Debug|Any CPU
		Release|Any CPU = Release|Any CPU
	EndGlobalSection
	GlobalSection(ProjectConfigurationPlatforms) = postSolution
		{81F202CF-1B77-406C-9775-EBDF79D3C258}.Debug|Any CPU.ActiveCfg = Debug|Any CPU
		{81F202CF-1B77-406C-9775-EBDF79D3C258}.Debug|Any CPU.Build.0 = Debug|Any CPU
		{81F202CF-1B77-406C-9775-EBDF79D3C258}.Release|Any CPU.ActiveCfg = Release|Any CPU
		{81F202CF-1B77-406C-9775-EBDF79D3C258}.Release|Any CPU.Build.0 = Release|Any CPU
		{746F3BB2-0F26-42E7-88C2-3BB54EF8B706}.Debug|Any CPU.ActiveCfg = Debug|Any CPU
		{746F3BB2-0F26-42E7-88C2-3BB54EF8B706}.Debug|Any CPU.Build.0 = Debug|Any CPU
		{746F3BB2-0F26-42E7-88C2-3BB54EF8B706}.Release|Any CPU.ActiveCfg = Release|Any CPU
		{746F3BB2-0F26-42E7-88C2-3BB54EF8B706}.Release|Any CPU.Build.0 = Release|Any CPU
		{9186E4E3-86C2-43A1-910A-E06568A219AE}.Debug|Any CPU.ActiveCfg = Debug|Any CPU
		{9186E4E3-86C2-43A1-910A-E06568A219AE}.Debug|Any CPU.Build.0 = Debug|Any CPU
		{9186E4E3-86C2-43A1-910A-E06568A219AE}.Release|Any CPU.ActiveCfg = Release|Any CPU
		{9186E4E3-86C2-43A1-910A-E06568A219AE}.Release|Any CPU.Build.0 = Release|Any CPU
		{F1BC1047-4257-48E9-8E61-836802FA26F5}.Debug|Any CPU.ActiveCfg = Debug|Any CPU
		{F1BC1047-4257-48E9-8E61-836802FA26F5}.Debug|Any CPU.Build.0 = Debug|Any CPU
		{F1BC1047-4257-48E9-8E61-836802FA26F5}.Release|Any CPU.ActiveCfg = Release|Any CPU
		{F1BC1047-4257-48E9-8E61-836802FA26F5}.Release|Any CPU.Build.0 = Release|Any CPU
		{B57B3B13-1674-41D0-BA90-DD948A7BA5B3}.Debug|Any CPU.ActiveCfg = Debug|Any CPU
		{B57B3B13-1674-41D0-BA90-DD948A7BA5B3}.Debug|Any CPU.Build.0 = Debug|Any CPU
		{B57B3B13-1674-41D0-BA90-DD948A7BA5B3}.Release|Any CPU.ActiveCfg = Release|Any CPU
		{B57B3B13-1674-41D0-BA90-DD948A7BA5B3}.Release|Any CPU.Build.0 = Release|Any CPU
	EndGlobalSection
	GlobalSection(SolutionProperties) = preSolution
		HideSolutionNode = FALSE
	EndGlobalSection
	GlobalSection(ExtensibilityGlobals) = postSolution
		SolutionGuid = {35D6CC34-417E-4680-A5C6-35CDC5651793}
	EndGlobalSection
EndGlobal
